# THIS IS AN AUTOGENERATED FILE. DO NOT EDIT THIS FILE DIRECTLY.
# yarn lockfile v1


"@hyperswarm/secret-stream@^6.0.0":
  version "6.2.0"
  resolved "https://registry.yarnpkg.com/@hyperswarm/secret-stream/-/secret-stream-6.2.0.tgz#954f1c3de854ae36640f3f28186ab37e231f4546"
  integrity sha512-eBoHJaw8KUNR1Zj8HzrlvZ+/RzSFXkZFBBovzgkso93D3DEVHrfP4ddhwbq7HQI8l5YnRYm4Obj+IsdX1PiT5w==
  dependencies:
    b4a "^1.1.0"
    hypercore-crypto "^3.3.1"
    noise-curve-ed "^2.0.1"
    noise-handshake "^3.0.2"
    sodium-secretstream "^1.1.0"
    sodium-universal "^4.0.0"
    streamx "^2.14.0"
    timeout-refresh "^2.0.0"

autobase@^1.0.0-alpha.8:
  version "1.0.0-alpha.8"
  resolved "https://registry.yarnpkg.com/autobase/-/autobase-1.0.0-alpha.8.tgz#a75b5ff85156d4ff5084293bbe6e78ae6a4dcb4f"
  integrity sha512-Dnlw2u0DCZEY6CPbeLW9YI9MIwR+3kCQueqhzt8XZB98frplQrCtzK8DOjju+mYUGdFviyTUmYto9LCF3aXWdQ==
  dependencies:
    codecs "^2.2.0"
    compact-encoding "^2.0.0"
    debounceify "^1.0.0"
    mutexify "^1.3.1"
    safety-catch "^1.0.1"
    streamx "^2.10.0"

b4a@^1.0.1, b4a@^1.1.0, b4a@^1.1.1, b4a@^1.3.0, b4a@^1.3.1, b4a@^1.5.0, b4a@^1.5.3, b4a@^1.6.0, b4a@^1.6.1, b4a@^1.6.3, b4a@^1.6.4:
  version "1.6.4"
  resolved "https://registry.yarnpkg.com/b4a/-/b4a-1.6.4.tgz#ef1c1422cae5ce6535ec191baeed7567443f36c9"
  integrity sha512-fpWrvyVHEKyeEvbKZTVOeZF3VSKKWtJxFIxX/jaVPf+cLbGUSitjb49pHLqPV2BUNNZ0LcoeEGfE/YCpyDYHIw==

big-sparse-array@^1.0.3:
  version "1.0.3"
  resolved "https://registry.yarnpkg.com/big-sparse-array/-/big-sparse-array-1.0.3.tgz#03ca7264b9dced764c5fe07e46a7ea160c0d28f7"
  integrity sha512-6RjV/3mSZORlMdpUaQ6rUSpG637cZm0//E54YYGtQg1c1O+AbZP8UTdJ/TchsDZcTVLmyWZcseBfp2HBeXUXOQ==

binary-stream-equals@^1.0.0:
  version "1.0.0"
  resolved "https://registry.yarnpkg.com/binary-stream-equals/-/binary-stream-equals-1.0.0.tgz#4c1e3b4fe2bfe641beb891f21565d855772a5e7c"
  integrity sha512-xiUT5LGfD8JiLhbXiG+ByOnbgb9f2ssRLfZDQMl3nZdf89EotQZGZuMkDN8J3n46emabE7RnJ1q0r7Hv3INExw==
  dependencies:
    b4a "^1.3.1"

bits-to-bytes@^1.3.0:
  version "1.3.0"
  resolved "https://registry.yarnpkg.com/bits-to-bytes/-/bits-to-bytes-1.3.0.tgz#b6b0b547ff5747b0609a42e31a0b57212f09f4e7"
  integrity sha512-OJoHTpFXS9bXHBCekGTByf3MqM8CGblBDIduKQeeVVeiU9dDWywSSirXIBYGgg3d1zbVuvnMa1vD4r6PA0kOKg==
  dependencies:
    b4a "^1.5.0"

blake2b-wasm@^2.4.0:
  version "2.4.0"
  resolved "https://registry.yarnpkg.com/blake2b-wasm/-/blake2b-wasm-2.4.0.tgz#9115649111edbbd87eb24ce7c04b427e4e2be5be"
  integrity sha512-S1kwmW2ZhZFFFOghcx73+ZajEfKBqhP82JMssxtLVMxlaPea1p9uoLiUZ5WYyHn0KddwbLc+0vh4wR0KBNoT5w==
  dependencies:
    b4a "^1.0.1"
    nanoassert "^2.0.0"

blake2b@^2.1.1:
  version "2.1.4"
  resolved "https://registry.yarnpkg.com/blake2b/-/blake2b-2.1.4.tgz#817d278526ddb4cd673bfb1af16d1ad61e393ba3"
  integrity sha512-AyBuuJNI64gIvwx13qiICz6H6hpmjvYS5DGkG6jbXMOT8Z3WUJ3V1X0FlhIoT1b/5JtHE3ki+xjtMvu1nn+t9A==
  dependencies:
    blake2b-wasm "^2.4.0"
    nanoassert "^2.0.0"

blind-relay@^1.3.0:
  version "1.3.0"
  resolved "https://registry.yarnpkg.com/blind-relay/-/blind-relay-1.3.0.tgz#ba53a224c1791efdb1a2d96454f5e8956e104c98"
  integrity sha512-yPB4JDmJTbf/J7/jUJak17LWQJ4jwpuf5iAbJ4djVSzrtTKG75UidfTbDc7pSjq0qNdbh51WVxtND8ngWj2Mtw==
  dependencies:
    b4a "^1.6.4"
    bits-to-bytes "^1.3.0"
    compact-encoding "^2.12.0"
    compact-encoding-bitfield "^1.0.0"
    protomux "^3.5.1"
    sodium-universal "^4.0.0"
    streamx "^2.15.1"

bogon@^1.0.0:
  version "1.1.0"
  resolved "https://registry.yarnpkg.com/bogon/-/bogon-1.1.0.tgz#14234260353d8f806c3a307202f66698f635d18b"
  integrity sha512-a6SnToksXHuUlgeMvI/txWmTcKz7c7iBa8f0HbXL4toN1Uza/CTQ4F7n9jSDX49TCpxv3KUP100q4sZfwLyLiw==
  dependencies:
    compact-encoding "^2.11.0"
    compact-encoding-net "^1.2.0"

chacha20-universal@^1.0.4:
  version "1.0.4"
  resolved "https://registry.yarnpkg.com/chacha20-universal/-/chacha20-universal-1.0.4.tgz#e8a33a386500b1ce5361b811ec5e81f1797883f5"
  integrity sha512-/IOxdWWNa7nRabfe7+oF+jVkGjlr2xUL4J8l/OvzZhj+c9RpMqoo3Dq+5nU1j/BflRV4BKnaQ4+4oH1yBpQG1Q==
  dependencies:
    nanoassert "^2.0.0"

codecs@^2.2.0:
  version "2.2.0"
  resolved "https://registry.yarnpkg.com/codecs/-/codecs-2.2.0.tgz#9efe60f367482a9f9d69b4daebb73b421038ab37"
  integrity sha512-+xi2ENsvchtUNa8oBUU58gHgmyN6BEEeZ8NIEgeQ0XnC+AoyihivgZYe+OOiNi+fLy/NUowugwV5gP8XWYDm0Q==

codecs@^3.0.0, codecs@^3.1.0:
  version "3.1.0"
  resolved "https://registry.yarnpkg.com/codecs/-/codecs-3.1.0.tgz#34509aea31c34985b91aed07edbc3ff233b61f6e"
  integrity sha512-Dqx8NwvBvnMeuPQdVKy/XEF71igjR5apxBvCGeV0pP1tXadOiaLvDTXt7xh+/5wI1ASB195mXQGJbw3Ml4YDWQ==
  dependencies:
    b4a "^1.6.3"

compact-encoding-bitfield@^1.0.0:
  version "1.0.0"
  resolved "https://registry.yarnpkg.com/compact-encoding-bitfield/-/compact-encoding-bitfield-1.0.0.tgz#39f923263dffb68b266b6cb9dc0bae2d42cf5c4a"
  integrity sha512-3nMVKUg+PF72UHfainmCL8uKvyWfxsjqOtUY+HiMPGLPCTjnwzoKfFAMo1Ad7nwTPdjBqtGK5b3BOFTFW4EBTg==
  dependencies:
    compact-encoding "^2.4.1"

compact-encoding-net@^1.0.1, compact-encoding-net@^1.2.0:
  version "1.2.0"
  resolved "https://registry.yarnpkg.com/compact-encoding-net/-/compact-encoding-net-1.2.0.tgz#19d2efd55df10f2ee793576fc4483bf6d2218743"
  integrity sha512-LVXpNpF7PGQeHRVVLGgYWzuVoYAaDZvKUsUxRioGfkotzvOh4AzoQF1HBH3zMNaSnx7gJXuUr3hkjnijaH/Eng==
  dependencies:
    compact-encoding "^2.4.1"

compact-encoding@^2.0.0, compact-encoding@^2.11.0, compact-encoding@^2.12.0, compact-encoding@^2.4.1, compact-encoding@^2.5.1:
  version "2.12.0"
  resolved "https://registry.yarnpkg.com/compact-encoding/-/compact-encoding-2.12.0.tgz#5afee33322e4382beb056b200f17f1433dba0237"
  integrity sha512-8eCZLmyBT4LtC90F/ekIqWos8Y7NaFxY75qa/SlSDVa95NVgMcibQb8z8MTeKb9zctemOJczSXMf5pwMqKjYEQ==
  dependencies:
    b4a "^1.3.0"

corestore@^6.15.9:
  version "6.15.9"
  resolved "https://registry.yarnpkg.com/corestore/-/corestore-6.15.9.tgz#b98d351aaea8e732d5292db3a25b6b59c4247270"
  integrity sha512-GXGApW5zOUMFLLP02mQYgclWPvPWKj7dTCYI0rI00Ka1k+tdnmbWt4pybvIavwM1GOge8u2poaWPUkiSAZXQyw==
  dependencies:
    b4a "^1.6.4"
    hypercore "^10.28.1"
    hypercore-crypto "^3.4.0"
    hypercore-id-encoding "^1.2.0"
    read-write-mutexify "^2.1.0"
    ready-resource "^1.0.0"
    safety-catch "^1.0.1"
    sodium-universal "^4.0.0"
    xache "^1.1.0"

crc-native@^1.0.3:
  version "1.0.7"
  resolved "https://registry.yarnpkg.com/crc-native/-/crc-native-1.0.7.tgz#71172f54429099ad060f91408653cca70e0a0ff7"
  integrity sha512-BfjqzkyOHUp3g4xvfE8J1Sek4bg6zxGKq69lpiLvDkWz4UazNSAI8F9Tmr9sZmNASapxTwjQ6y1t8CLLTuM1pg==
  dependencies:
    napi-macros "^2.0.0"
    node-gyp-build "^4.2.3"

crc-universal@^1.0.2:
  version "1.0.4"
  resolved "https://registry.yarnpkg.com/crc-universal/-/crc-universal-1.0.4.tgz#8320b35d62ab30578de28232b904ef6113983b16"
  integrity sha512-CE9xWEI6Gd5V0Bdmj5NoWH3d7+EIe4zUpy1sv6uvKYznzsDP1vhiWsTBmL6q9IrH2P6RRshp+8AkhR4CMtY5Hg==
  optionalDependencies:
    crc-native "^1.0.3"

debounceify@^1.0.0:
  version "1.0.0"
  resolved "https://registry.yarnpkg.com/debounceify/-/debounceify-1.0.0.tgz#182889d32bab2dbcc0ad76861f9332f4a6509ff1"
  integrity sha512-7BeSMAPUohdDJ7sU6Tq2M8HkJR05IqQCeVm/qNemrpOgP5SGZD5WeNOXNfsgbESinz6OjMooWPTGZiKUX91XJQ==

debugging-stream@^2.0.0:
  version "2.0.0"
  resolved "https://registry.yarnpkg.com/debugging-stream/-/debugging-stream-2.0.0.tgz#515cad5a35299cf4b4bc0afcbd69d52c809c84ce"
  integrity sha512-xwfl6wB/3xc553uwtGnSa94jFxnGOc02C0WU2Nmzwr80gzeqn1FX4VcbvoKIhe8L/lPq4BTQttAbrTN94uN8rA==
  dependencies:
    streamx "^2.12.4"

dht-rpc@^6.9.0:
  version "6.9.0"
  resolved "https://registry.yarnpkg.com/dht-rpc/-/dht-rpc-6.9.0.tgz#afbd756fda629cb3b3ab9cbbd4b19aea35fcb7e6"
  integrity sha512-G6MNNZhXCHVOladfwFc8VwJUj1GCT4bCX6867o7x5i6CeLRrC+jFlUh/fh/aP9xHNTnAI9U9yemRKx2OPDNJlw==
  dependencies:
    b4a "^1.6.1"
    compact-encoding "^2.11.0"
    compact-encoding-net "^1.2.0"
    events "^3.3.0"
    fast-fifo "^1.1.0"
    kademlia-routing-table "^1.0.1"
    nat-sampler "^1.0.1"
    sodium-universal "^4.0.0"
    streamx "^2.13.2"
    time-ordered-set "^1.0.2"
    udx-native "^1.5.3"

events@^3.3.0:
  version "3.3.0"
  resolved "https://registry.yarnpkg.com/events/-/events-3.3.0.tgz#31a95ad0a924e2d2c419a813aeb2c4e878ea7400"
  integrity sha512-mQw+2fkQbALzQ7V0MY0IqdnXNOeTtP4r0lN9z7AAawCXgqea7bDii20AYrIBrFd/Hx0M2Ocz6S111CaFkUcb0Q==

fast-fifo@^1.1.0, fast-fifo@^1.3.0:
  version "1.3.2"
  resolved "https://registry.yarnpkg.com/fast-fifo/-/fast-fifo-1.3.2.tgz#286e31de96eb96d38a97899815740ba2a4f3640c"
  integrity sha512-/d9sfos4yxzpwkDkuN7k2SqFKtYNmCTzgfEpz82x34IM9/zc8KGxQoXg1liNC/izpRM/MBdt44Nmx41ZWqk+FQ==

flat-tree@^1.9.0:
  version "1.9.0"
  resolved "https://registry.yarnpkg.com/flat-tree/-/flat-tree-1.9.0.tgz#cdd9e9884b7fd1973a04709b694f75e47ee18b8c"
  integrity sha512-WRu5/q9fcdL9f7L6Ahq8fR153e5Zr5aU6plPHupN6JDWuvEJbMjrEQprge3/I7ytndHC6/GUNg5Rg8XEisuv5w==

fs-native-extensions@^1.1.0:
  version "1.2.3"
  resolved "https://registry.yarnpkg.com/fs-native-extensions/-/fs-native-extensions-1.2.3.tgz#8ab085fca19ffba44cf3a3ffb9c500248a8c9573"
  integrity sha512-DwxIW9fs9o8py05YutQgFcsdcph7nlrg70ncUYXiWAgpAPFza+X7Q/vA2UeyBaK4ekcMmoNzuBVEtU8Ass7Wwg==
  dependencies:
    napi-macros "^2.0.0"
    node-gyp-build "^4.2.3"

graceful-goodbye@^1.3.0:
  version "1.3.0"
  resolved "https://registry.yarnpkg.com/graceful-goodbye/-/graceful-goodbye-1.3.0.tgz#b15e4755997683f92468d486809403b69b571447"
  integrity sha512-hcZOs20emYlTM7MmUE0FpuZcjlk2GPsR+UYTHDeWxtGjXcbh2CawGi8vlzqsIvspqAbot7mRv3sC/uhgtKc4hQ==
  dependencies:
    safety-catch "^1.0.2"

hyperbee@^2.11.1, hyperbee@^2.15.1:
  version "2.15.1"
  resolved "https://registry.yarnpkg.com/hyperbee/-/hyperbee-2.15.1.tgz#b460640054822afd32f35d55f8ed02c2f25e9c12"
  integrity sha512-5lfnhCRh6hr1F7s+k08OEp2MIKwSo77jUS4NFxjyqlNDDoeUGvmTa/HLXgBzPEqgWiTA/cFq0gdL4qCY7XjPyw==
  dependencies:
    b4a "^1.6.0"
    codecs "^3.0.0"
    debounceify "^1.0.0"
    hypercore-errors "^1.0.0"
    mutexify "^1.4.0"
    protocol-buffers-encodings "^1.2.0"
    ready-resource "^1.0.0"
    safety-catch "^1.0.2"
    streamx "^2.12.4"

hyperblobs@^2.3.0:
  version "2.3.3"
  resolved "https://registry.yarnpkg.com/hyperblobs/-/hyperblobs-2.3.3.tgz#919ebffa154d47732940c63fcf65aed7e85c44b7"
  integrity sha512-LErepXhOUuwnTBNloqYTaBLkdKTTOfG/jVazKlbkHMUVxA8x3U5XhOq9pHEHNkfFgsuj8SBLg5huO+DVEmbMCw==
  dependencies:
    b4a "^1.6.1"
    hypercore-errors "^1.0.0"
    mutexify "^1.4.0"
    streamx "^2.13.2"

hypercore-crypto@^3.2.1, hypercore-crypto@^3.3.0, hypercore-crypto@^3.3.1, hypercore-crypto@^3.4.0:
  version "3.4.0"
  resolved "https://registry.yarnpkg.com/hypercore-crypto/-/hypercore-crypto-3.4.0.tgz#aff1893efc7b7ec5d1dfdc4270033fd94e18b96d"
  integrity sha512-0cZA1B58p1J84TDbTh8DMMIj7Qr7Rzz8NyGIo+ykUhdwD21gtjiiLWoME92QvN+lgbfu0Zfr9vwxT8sRmyg+AA==
  dependencies:
    b4a "^1.1.0"
    compact-encoding "^2.5.1"
    sodium-universal "^4.0.0"

hypercore-errors@^1.0.0, hypercore-errors@^1.1.0:
  version "1.1.0"
  resolved "https://registry.yarnpkg.com/hypercore-errors/-/hypercore-errors-1.1.0.tgz#1a3a49364f56951f93b4d4741fd90e8d9b006496"
  integrity sha512-pclEHYUmgveqyMObMrgwJ087VvqcRVfbaY7k9rNQ5C+3MADVSQu3f8SmoLkntDkOipm9+uELK3p8DbTGL54m8g==

hypercore-id-encoding@^1.2.0:
  version "1.2.0"
  resolved "https://registry.yarnpkg.com/hypercore-id-encoding/-/hypercore-id-encoding-1.2.0.tgz#b801540fbd2575977e2f92e60421e51ded1b45dc"
  integrity sha512-WqPBJ/HZ/sifoo9jYw/ZUr1Z1l4kll8hQwVdDhVqsDyYPj0c/Tl0ALLXbDxb9vcpKBV+WLgLqf8kVB0GcZU0Mg==
  dependencies:
    b4a "^1.5.3"
    z32 "^1.0.0"

hypercore@^10.28.1, hypercore@^10.28.11:
  version "10.28.11"
  resolved "https://registry.yarnpkg.com/hypercore/-/hypercore-10.28.11.tgz#7436b2c84059d6039b829dda665ca2b5c9dad2b4"
  integrity sha512-r+Qw/4IJvOrkz+eiOUTPQxM5vnIEzUT57w7m0XowYz19SOFVWhI7NEXnOmz0kneGhMWQ2u//Lv3iXgp8O9XJTw==
  dependencies:
    "@hyperswarm/secret-stream" "^6.0.0"
    b4a "^1.1.0"
    big-sparse-array "^1.0.3"
    compact-encoding "^2.11.0"
    crc-universal "^1.0.2"
    events "^3.3.0"
    fast-fifo "^1.3.0"
    flat-tree "^1.9.0"
    hypercore-crypto "^3.2.1"
    hypercore-errors "^1.1.0"
    hypercore-id-encoding "^1.2.0"
    is-options "^1.0.1"
    protomux "^3.5.0"
    quickbit-universal "^2.1.1"
    random-access-file "^4.0.0"
    random-array-iterator "^1.0.0"
    safety-catch "^1.0.1"
    sodium-universal "^4.0.0"
    streamx "^2.12.4"
    xache "^1.1.0"
    z32 "^1.0.0"

hyperdht@^6.7.0:
  version "6.7.4"
  resolved "https://registry.yarnpkg.com/hyperdht/-/hyperdht-6.7.4.tgz#6561b1556ab93a8a14ef86f5dbc6216e3cbd5165"
  integrity sha512-axOL+EBmtw1T42o1UWM/QWY8JYE6xp/SvQasFgA17Wj69V1Zuv4aB470ZhqyHDHacQm+78l84g85gJJjeu99UA==
  dependencies:
    "@hyperswarm/secret-stream" "^6.0.0"
    b4a "^1.3.1"
    blind-relay "^1.3.0"
    bogon "^1.0.0"
    compact-encoding "^2.4.1"
    compact-encoding-net "^1.0.1"
    debugging-stream "^2.0.0"
    dht-rpc "^6.9.0"
    events "^3.3.0"
    hypercore-crypto "^3.3.0"
    noise-curve-ed "^2.0.0"
    noise-handshake "^3.0.0"
    record-cache "^1.1.1"
    safety-catch "^1.0.1"
    sodium-universal "^4.0.0"
    xache "^1.1.0"

hyperdrive@^11.6.1:
  version "11.6.1"
  resolved "https://registry.yarnpkg.com/hyperdrive/-/hyperdrive-11.6.1.tgz#9b6bc290ce80a503f9dd55e0181a4c9d981f665f"
  integrity sha512-aya29JYjKhfKx9bxio8r/H20zauQgd3i0SIxCQhMlkWMcOlkae/e8Hqr4sQQIcBH89NDYb8WR3p9hMOgFTyV5Q==
  dependencies:
    hyperbee "^2.11.1"
    hyperblobs "^2.3.0"
    hypercore-errors "^1.0.0"
    is-options "^1.0.2"
    mirror-drive "^1.2.0"
    ready-resource "^1.0.0"
    safety-catch "^1.0.2"
    streamx "^2.12.4"
    sub-encoder "^2.1.1"
    unix-path-resolve "^1.0.2"

hyperswarm@^4.7.1:
  version "4.7.1"
  resolved "https://registry.yarnpkg.com/hyperswarm/-/hyperswarm-4.7.1.tgz#1918fc7964ee1c5f9d6c83c0ed2d7dadde8461db"
  integrity sha512-VBdbM2M12Lroygvib7cO9TOPkU1QlT4rCQT2IFVHCMl8VYBtENhC+LqyI+XWuZWEYKg5944NT0J5ySwXZusJrg==
  dependencies:
    b4a "^1.3.1"
    events "^3.3.0"
    hyperdht "^6.7.0"
    safety-catch "^1.0.2"
    shuffled-priority-queue "^2.1.0"

is-options@^1.0.1, is-options@^1.0.2:
  version "1.0.2"
  resolved "https://registry.yarnpkg.com/is-options/-/is-options-1.0.2.tgz#61dcfc1e8786c028a3adf919fa3b3cdb9fc30f81"
  integrity sha512-u+Ai74c8Q74aS8BuHwPdI1jptGOT1FQXgCq8/zv0xRuE+wRgSMEJLj8lVO8Zp9BeGb29BXY6AsNPinfqjkr7Fg==
  dependencies:
    b4a "^1.1.1"

kademlia-routing-table@^1.0.1:
  version "1.0.1"
  resolved "https://registry.yarnpkg.com/kademlia-routing-table/-/kademlia-routing-table-1.0.1.tgz#6f18416f612e885a8d4df128f04c490a90d772f6"
  integrity sha512-dKk19sC3/+kWhBIvOKCthxVV+JH0NrswSBq4sA4eOkkPMqQM1rRuOWte1WSKXeP8r9Nx4NuiH2gny3lMddJTpw==

localdrive@^1.11.0:
  version "1.11.0"
  resolved "https://registry.yarnpkg.com/localdrive/-/localdrive-1.11.0.tgz#126ef9fe93c7a57a80ab361d04401037824c61bf"
  integrity sha512-I9TQDM2I+SgU+LjD/08+EqxK8Vw/x4RaQ9GHBjb+6qbBDkeBD3O9BIj6Xu2W+jPmM8yAzJAtpQagpQOOdkjkXQ==
  dependencies:
    b4a "^1.6.1"
    mirror-drive "^1.2.0"
    mutexify "^1.4.0"
    streamx "^2.12.5"
    unix-path-resolve "^1.0.2"

mirror-drive@^1.2.0:
  version "1.3.0"
  resolved "https://registry.yarnpkg.com/mirror-drive/-/mirror-drive-1.3.0.tgz#00f850074bea0a44d0879dfaab7236d1501e541f"
  integrity sha512-m2HL5pFBUxHmkO64AAvYn/+bddUf16HGQwlQ7IGXr65PCWsr01oLebTNrsk4+nIHzs02M4/Ry0LZwmXYKebceg==
  dependencies:
    binary-stream-equals "^1.0.0"
    same-data "^1.0.0"

mutexify@^1.3.1, mutexify@^1.4.0:
  version "1.4.0"
  resolved "https://registry.yarnpkg.com/mutexify/-/mutexify-1.4.0.tgz#b7f4ac0273c81824b840887c6a6e0bfab14bbe94"
  integrity sha512-pbYSsOrSB/AKN5h/WzzLRMFgZhClWccf2XIB4RSMC8JbquiB0e0/SH5AIfdQMdyHmYtv4seU7yV/TvAwPLJ1Yg==
  dependencies:
    queue-tick "^1.0.0"

nanoassert@^2.0.0:
  version "2.0.0"
  resolved "https://registry.yarnpkg.com/nanoassert/-/nanoassert-2.0.0.tgz#a05f86de6c7a51618038a620f88878ed1e490c09"
  integrity sha512-7vO7n28+aYO4J+8w96AzhmU8G+Y/xpPDJz/se19ICsqj/momRbb9mh9ZUtkoJ5X3nTnPdhEJyc0qnM6yAsHBaA==

napi-macros@^2.0.0:
  version "2.2.2"
  resolved "https://registry.yarnpkg.com/napi-macros/-/napi-macros-2.2.2.tgz#817fef20c3e0e40a963fbf7b37d1600bd0201044"
  integrity sha512-hmEVtAGYzVQpCKdbQea4skABsdXW4RUh5t5mJ2zzqowJS2OyXZTU1KhDVFhx+NlWZ4ap9mqR9TcDO3LTTttd+g==

nat-sampler@^1.0.1:
  version "1.0.1"
  resolved "https://registry.yarnpkg.com/nat-sampler/-/nat-sampler-1.0.1.tgz#2b68338ea6d4c139450cd971fd00a4ac1b33d923"
  integrity sha512-yQvyNN7xbqR8crTKk3U8gRgpcV1Az+vfCEijiHu9oHHsnIl8n3x+yXNHl42M6L3czGynAVoOT9TqBfS87gDdcw==

node-gyp-build@^4.2.3, node-gyp-build@^4.4.0, node-gyp-build@^4.6.0:
  version "4.6.1"
  resolved "https://registry.yarnpkg.com/node-gyp-build/-/node-gyp-build-4.6.1.tgz#24b6d075e5e391b8d5539d98c7fc5c210cac8a3e"
  integrity sha512-24vnklJmyRS8ViBNI8KbtK/r/DmXQMRiOMXTNz2nrTnAYUwjmEEbnnpB/+kt+yWRv73bPsSPRFddrcIbAxSiMQ==

noise-curve-ed@^2.0.0, noise-curve-ed@^2.0.1:
  version "2.0.1"
  resolved "https://registry.yarnpkg.com/noise-curve-ed/-/noise-curve-ed-2.0.1.tgz#c07adb2dde8dfaffb90aa95be9a522f5ed661e6d"
  integrity sha512-8HMZ40Wmarg8RQjVemLrjB49JSL6eGeOD+tlzaQW5/p+hNPfHFEMC3UZZ57zUqUprMuz6GN+gsPExpz2DWL+iA==
  dependencies:
    b4a "^1.1.0"
    nanoassert "^2.0.0"
    sodium-universal "^4.0.0"

noise-handshake@^3.0.0, noise-handshake@^3.0.2:
  version "3.0.3"
  resolved "https://registry.yarnpkg.com/noise-handshake/-/noise-handshake-3.0.3.tgz#70595e376f5e1a5ef19e46d007b5712761b22c2a"
  integrity sha512-fRhxQLW7uZmLS059VXA79j8eMxoYPBg7gMGBKqLbuipagTmvUT6xW46DeMsf3Y7LA4fmB9n24s6Vv/a1Q+y8UQ==
  dependencies:
    b4a "^1.1.0"
    nanoassert "^2.0.0"
    sodium-universal "^4.0.0"

protocol-buffers-encodings@^1.2.0:
  version "1.2.0"
  resolved "https://registry.yarnpkg.com/protocol-buffers-encodings/-/protocol-buffers-encodings-1.2.0.tgz#39900b85dcff3172a23f15bdf3fda70daa2b38d3"
  integrity sha512-daeNPuKh1NlLD1uDfbLpD+xyUTc07nEtfHwmBZmt/vH0B7VOM+JOCOpDcx9ZRpqHjAiIkGqyTDi+wfGSl17R9w==
  dependencies:
    b4a "^1.6.0"
    signed-varint "^2.0.1"
    varint "5.0.0"

protomux@^3.5.0, protomux@^3.5.1:
  version "3.5.1"
  resolved "https://registry.yarnpkg.com/protomux/-/protomux-3.5.1.tgz#3cf1f140e5813c10abc106462209fd432c3d029d"
  integrity sha512-+ioDo9Cu5rTNQH9Or2UkXJRFPAZMzqr4gZFuyib8tTmy8YyZDCL2poP8dhc5JgJydTrj94jn1Dsp/C0ESpEtjQ==
  dependencies:
    b4a "^1.3.1"
    compact-encoding "^2.5.1"
    queue-tick "^1.0.0"
    safety-catch "^1.0.1"

queue-tick@^1.0.0, queue-tick@^1.0.1:
  version "1.0.1"
  resolved "https://registry.yarnpkg.com/queue-tick/-/queue-tick-1.0.1.tgz#f6f07ac82c1fd60f82e098b417a80e52f1f4c142"
  integrity sha512-kJt5qhMxoszgU/62PLP1CJytzd2NKetjSRnyuj31fDd3Rlcz3fzlFdFLD1SItunPwyqEOkca6GbV612BWfaBag==

quickbit-native@^2.2.0:
  version "2.2.0"
  resolved "https://registry.yarnpkg.com/quickbit-native/-/quickbit-native-2.2.0.tgz#28d778590a7d11c7713c4ed1573cc956ccebb364"
  integrity sha512-/C5EOMP9Kyk+P7Z0+ipedppwhMkPA0SBj31Hk8xZQ/0rfKPLlafYJcxr+H942eIQ60xRif9c18B9OV0REfCWzg==
  dependencies:
    b4a "^1.6.0"
    napi-macros "^2.0.0"
    node-gyp-build "^4.2.3"

quickbit-universal@^2.1.1:
  version "2.2.0"
  resolved "https://registry.yarnpkg.com/quickbit-universal/-/quickbit-universal-2.2.0.tgz#13e2c6f99edd61e62f09759132087969429cbade"
  integrity sha512-w02i1R8n7+6pEKTud8DfF8zbFY9o7RtPlUc3jWbtCkDKvhbx/AvV7oNnz4/TcmsPGpSJS+fq5Ud6RH6+YPvSGg==
  dependencies:
    b4a "^1.6.0"
    simdle-universal "^1.1.0"
  optionalDependencies:
    quickbit-native "^2.2.0"

random-access-file@^4.0.0:
  version "4.0.4"
  resolved "https://registry.yarnpkg.com/random-access-file/-/random-access-file-4.0.4.tgz#4412be4356a9287635a509540475155e103b8141"
  integrity sha512-1W21gZ8ne3RgPyTNpq8INr7feTY0+hPpV4X59yL9Miv5QiZV7U1QpRb/zEG2IuaojW9qVTeWBC19Ty0m0uqFBg==
  dependencies:
    random-access-storage "^3.0.0"
  optionalDependencies:
    fs-native-extensions "^1.1.0"

random-access-memory@^6.2.0:
  version "6.2.0"
  resolved "https://registry.yarnpkg.com/random-access-memory/-/random-access-memory-6.2.0.tgz#22683dc9a4cbe354a4c3f38f202c44e6c1387d7f"
  integrity sha512-5gRsd32lQd87tHM1ODkrBsvTnQ00GMw5KjeiSFWjEeTkv6E4zSTewUaHRxDbfk+lroRaunAEECGo/gNnq1T/HQ==
  dependencies:
    b4a "^1.6.0"
    is-options "^1.0.2"
    random-access-storage "^3.0.0"

random-access-storage@^3.0.0:
  version "3.0.1"
  resolved "https://registry.yarnpkg.com/random-access-storage/-/random-access-storage-3.0.1.tgz#db797939df97e16e69b2e07891696ac3295f132b"
  integrity sha512-raFoHJ/orMyur04GKrA+5ThOwhX9wICdqMDLqTM7bHEXPz7zi5MxLsLUaybxGu3b4mJTt8zhCpZHgjlu0x4wpg==
  dependencies:
    events "^3.3.0"
    queue-tick "^1.0.0"

random-array-iterator@^1.0.0:
  version "1.0.0"
  resolved "https://registry.yarnpkg.com/random-array-iterator/-/random-array-iterator-1.0.0.tgz#1081f8922d68d2817368c13028f858ec308e146b"
  integrity sha512-u7xCM93XqKEvPTP6xZp2ehttcAemKnh73oKNf1FvzuVCfpt6dILDt1Kxl1LeBjm2iNIeR49VGFhy4Iz3yOun+Q==

read-write-mutexify@^2.1.0:
  version "2.1.0"
  resolved "https://registry.yarnpkg.com/read-write-mutexify/-/read-write-mutexify-2.1.0.tgz#d8915be88863070d44a069163ef69007acd7c622"
  integrity sha512-fDw/p5/acI1ytVY1UbxEDma/ej1yJH/n9NcjS9YNzcE6sPBPWdlru3ydRa/UBowUg4zqOvNMD5SOGYJrlQ6MzQ==

ready-resource@^1.0.0:
  version "1.0.0"
  resolved "https://registry.yarnpkg.com/ready-resource/-/ready-resource-1.0.0.tgz#8c07ee72da72d530bd2fd6b834b3ff0b03bbaaba"
  integrity sha512-9/Oj3DXv+QxWinvVcxVVRXn9Jj4b9wssv0PvQh5bO+N/vzqo6kmScUNl+faWWMEu0rYMPa6Tvp50+rP5ujZvqg==

record-cache@^1.1.1:
  version "1.2.0"
  resolved "https://registry.yarnpkg.com/record-cache/-/record-cache-1.2.0.tgz#e601bc4f164d58330cc00055e27aa4682291c882"
  integrity sha512-kyy3HWCez2WrotaL3O4fTn0rsIdfRKOdQQcEJ9KpvmKmbffKVvwsloX063EgRUlpJIXHiDQFhJcTbZequ2uTZw==
  dependencies:
    b4a "^1.3.1"

safety-catch@^1.0.1, safety-catch@^1.0.2:
  version "1.0.2"
  resolved "https://registry.yarnpkg.com/safety-catch/-/safety-catch-1.0.2.tgz#d64cbd57fd601da91c356b6ab8902f3e449a7a4b"
  integrity sha512-C1UYVZ4dtbBxEtvOcpjBaaD27nP8MlvyAQEp2fOTOEe6pfUpk1cDUxij6BR1jZup6rSyUTaBBplK7LanskrULA==

same-data@^1.0.0:
  version "1.0.0"
  resolved "https://registry.yarnpkg.com/same-data/-/same-data-1.0.0.tgz#fcad5ee4af9bfd4ce5c2dc2ed029a0648c466f2f"
  integrity sha512-Eqn7N2yV+aKMlUHTRqUwYG1Iv0cJqjlvLKj/GoP5PozJn361QaOYX14+v87r7NqQUZC22noP/LfLrSQiPwAygw==

sha256-universal@^1.1.0:
  version "1.2.1"
  resolved "https://registry.yarnpkg.com/sha256-universal/-/sha256-universal-1.2.1.tgz#051d92decce280cd6137d42d496eac88da942c0e"
  integrity sha512-ghn3muhdn1ailCQqqceNxRgkOeZSVfSE13RQWEg6njB+itsFzGVSJv+O//2hvNXZuxVIRyNzrgsZ37SPDdGJJw==
  dependencies:
    b4a "^1.0.1"
    sha256-wasm "^2.2.1"

sha256-wasm@^2.2.1:
  version "2.2.2"
  resolved "https://registry.yarnpkg.com/sha256-wasm/-/sha256-wasm-2.2.2.tgz#4940b6c9ba28f3f08b700efce587ef36d4d516d4"
  integrity sha512-qKSGARvao+JQlFiA+sjJZhJ/61gmW/3aNLblB2rsgIxDlDxsJPHo8a1seXj12oKtuHVgJSJJ7QEGBUYQN741lQ==
  dependencies:
    b4a "^1.0.1"
    nanoassert "^2.0.0"

sha512-universal@^1.1.0:
  version "1.2.1"
  resolved "https://registry.yarnpkg.com/sha512-universal/-/sha512-universal-1.2.1.tgz#829505a7586530515cc1a10b78815c99722c4df0"
  integrity sha512-kehYuigMoRkIngCv7rhgruLJNNHDnitGTBdkcYbCbooL8Cidj/bS78MDxByIjcc69M915WxcQTgZetZ1JbeQTQ==
  dependencies:
    b4a "^1.0.1"
    sha512-wasm "^2.3.1"

sha512-wasm@^2.3.1:
  version "2.3.4"
  resolved "https://registry.yarnpkg.com/sha512-wasm/-/sha512-wasm-2.3.4.tgz#b86b37112ff6d1fc3740f2484a6855f17a6e1300"
  integrity sha512-akWoxJPGCB3aZCrZ+fm6VIFhJ/p8idBv7AWGFng/CZIrQo51oQNsvDbTSRXWAzIiZJvpy16oIDiCCPqTe21sKg==
  dependencies:
    b4a "^1.0.1"
    nanoassert "^2.0.0"

shuffled-priority-queue@^2.1.0:
  version "2.1.0"
  resolved "https://registry.yarnpkg.com/shuffled-priority-queue/-/shuffled-priority-queue-2.1.0.tgz#432bf14dd90f7c4dd1705752d81aadf454fd3af6"
  integrity sha512-xhdh7fHyMsr0m/w2kDfRJuBFRS96b9l8ZPNWGaQ+PMvnUnZ/Eh+gJJ9NsHBd7P9k0399WYlCLzsy18EaMfyadA==
  dependencies:
    unordered-set "^2.0.1"

signed-varint@^2.0.1:
  version "2.0.1"
  resolved "https://registry.yarnpkg.com/signed-varint/-/signed-varint-2.0.1.tgz#50a9989da7c98c2c61dad119bc97470ef8528129"
  integrity sha512-abgDPg1106vuZZOvw7cFwdCABddfJRz5akcCcchzTbhyhYnsG31y4AlZEgp315T7W3nQq5P4xeOm186ZiPVFzw==
  dependencies:
    varint "~5.0.0"

simdle-native@^1.1.1:
  version "1.2.0"
  resolved "https://registry.yarnpkg.com/simdle-native/-/simdle-native-1.2.0.tgz#3498f1f54d26fdf7716a45bc2520e8996325c30d"
  integrity sha512-+lzydXTqqe8GWLcH4Tf4kAgrtJTDnIxAiU/a+Hs4QpLmEapgT4T0Acbauzc2Gq3Wt3XL5MthaBhrIMhZ2386Ww==
  dependencies:
    b4a "^1.6.0"
    napi-macros "^2.0.0"
    node-gyp-build "^4.2.3"

simdle-universal@^1.1.0:
  version "1.1.2"
  resolved "https://registry.yarnpkg.com/simdle-universal/-/simdle-universal-1.1.2.tgz#ecc84434d0c5cd4e6a2557763cddc46ad557a301"
  integrity sha512-3n3w1bs+uwgHKQjt6arez83EywNlhZzYvNOhvAASTl/8KqNIcqr6aHyGt3JRlfuUC7iB0tomJRPlJ2cRGIpBzA==
  dependencies:
    b4a "^1.6.0"
  optionalDependencies:
    simdle-native "^1.1.1"

siphash24@^1.0.1:
  version "1.3.1"
  resolved "https://registry.yarnpkg.com/siphash24/-/siphash24-1.3.1.tgz#7f87fd2c5db88d8d46335a68f780f281641c8b22"
  integrity sha512-moemC3ZKiTzH29nbFo3Iw8fbemWWod4vNs/WgKbQ54oEs6mE6XVlguxvinYjB+UmaE0PThgyED9fUkWvirT8hA==
  dependencies:
    nanoassert "^2.0.0"

sodium-javascript@~0.8.0:
  version "0.8.0"
  resolved "https://registry.yarnpkg.com/sodium-javascript/-/sodium-javascript-0.8.0.tgz#0a94d7bb58ab17be82255f3949259af59778fdbc"
  integrity sha512-rEBzR5mPxPES+UjyMDvKPIXy9ImF17KOJ32nJNi9uIquWpS/nfj+h6m05J5yLJaGXjgM72LmQoUbWZVxh/rmGg==
  dependencies:
    blake2b "^2.1.1"
    chacha20-universal "^1.0.4"
    nanoassert "^2.0.0"
    sha256-universal "^1.1.0"
    sha512-universal "^1.1.0"
    siphash24 "^1.0.1"
    xsalsa20 "^1.0.0"

sodium-native@^4.0.0:
  version "4.0.4"
  resolved "https://registry.yarnpkg.com/sodium-native/-/sodium-native-4.0.4.tgz#561b7c39c97789f8202d6fd224845fe2e8cd6879"
  integrity sha512-faqOKw4WQKK7r/ybn6Lqo1F9+L5T6NlBJJYvpxbZPetpWylUVqz449mvlwIBKBqxEHbWakWuOlUt8J3Qpc4sWw==
  dependencies:
    node-gyp-build "^4.6.0"

sodium-secretstream@^1.1.0:
  version "1.1.0"
  resolved "https://registry.yarnpkg.com/sodium-secretstream/-/sodium-secretstream-1.1.0.tgz#25fec816cd9ae5e2d38d7511b88560debe39179a"
  integrity sha512-Qg7D2xomELDjDCWAmE4izk1aecG/il8pQIGmSWFaKgah/V58BVWG/PuSZF6vseTpcqnetIFGaOWzmPNzyTD50A==
  dependencies:
    b4a "^1.1.1"
    sodium-universal "^4.0.0"

sodium-universal@^4.0.0:
  version "4.0.0"
  resolved "https://registry.yarnpkg.com/sodium-universal/-/sodium-universal-4.0.0.tgz#0d7c81aee7a013e8a950f7bea8d8cfff369c2424"
  integrity sha512-iKHl8XnBV96k1c75gwwzANFdephw/MDWSjQAjPmBE+du0y3P23Q8uf7AcdcfFsYAMwLg7WVBfSAIBtV/JvRsjA==
  dependencies:
    blake2b "^2.1.1"
    chacha20-universal "^1.0.4"
    nanoassert "^2.0.0"
    sha256-universal "^1.1.0"
    sha512-universal "^1.1.0"
    siphash24 "^1.0.1"
    sodium-javascript "~0.8.0"
    sodium-native "^4.0.0"
    xsalsa20 "^1.0.0"

streamx@^2.10.0, streamx@^2.12.4, streamx@^2.12.5, streamx@^2.13.2, streamx@^2.14.0, streamx@^2.15.1:
  version "2.15.1"
  resolved "https://registry.yarnpkg.com/streamx/-/streamx-2.15.1.tgz#396ad286d8bc3eeef8f5cea3f029e81237c024c6"
  integrity sha512-fQMzy2O/Q47rgwErk/eGeLu/roaFWV0jVsogDmrszM9uIw8L5OA+t+V93MgYlufNptfjmYR1tOMWhei/Eh7TQA==
  dependencies:
    fast-fifo "^1.1.0"
    queue-tick "^1.0.1"

sub-encoder@^2.1.1:
  version "2.1.1"
  resolved "https://registry.yarnpkg.com/sub-encoder/-/sub-encoder-2.1.1.tgz#00596c0a8a11d689952b8ea6a56ccafdb2333c6a"
  integrity sha512-Xfza05u5b26tYB0uiTZLPvKis0gSf8VaX8IZNgtRSHzXiYW7SWHJe6vfRVP+wuK8GAqwhGJQwQ03E5HX7W5+YA==
  dependencies:
    b4a "^1.6.0"
    codecs "^3.1.0"

time-ordered-set@^1.0.2:
  version "1.0.2"
  resolved "https://registry.yarnpkg.com/time-ordered-set/-/time-ordered-set-1.0.2.tgz#3bd931fc048234147f8c2b8b1ebbebb0a3ecb96f"
  integrity sha512-vGO99JkxvgX+u+LtOKQEpYf31Kj3i/GNwVstfnh4dyINakMgeZCpew1e3Aj+06hEslhtHEd52g7m5IV+o1K8Mw==

timeout-refresh@^2.0.0:
  version "2.0.1"
  resolved "https://registry.yarnpkg.com/timeout-refresh/-/timeout-refresh-2.0.1.tgz#f8ec7cf1f9d93b2635b7d4388cb820c5f6c16f98"
  integrity sha512-SVqEcMZBsZF9mA78rjzCrYrUs37LMJk3ShZ851ygZYW1cMeIjs9mL57KO6Iv5mmjSQnOe/29/VAfGXo+oRCiVw==

udx-native@^1.5.3:
  version "1.7.5"
  resolved "https://registry.yarnpkg.com/udx-native/-/udx-native-1.7.5.tgz#2dfd2fd36b2eaf8798863a402f6ca59471c95bfa"
  integrity sha512-DNO1I6qgdI5WQCMUWy5s97a7qMrFfI4cf+0FSGRoCmGdgVFN/L36+LyKRORX051DPIYLRZ9fy28wQFflQevnog==
  dependencies:
    b4a "^1.5.0"
    events "^3.3.0"
    napi-macros "^2.0.0"
    node-gyp-build "^4.4.0"
    streamx "^2.14.0"

unix-path-resolve@^1.0.2:
  version "1.0.2"
  resolved "https://registry.yarnpkg.com/unix-path-resolve/-/unix-path-resolve-1.0.2.tgz#4d74e3d9b3aabc5d34f45541eea71d671eb47216"
  integrity sha512-kG4g5nobBBaMnH2XbrS4sLUXEpx4nY2J3C6KAlAUcnahG2HChxSPVKWYrqEq76iTo+cyMkLUjqxGaQR2tz097Q==

unordered-set@^2.0.1:
  version "2.0.1"
  resolved "https://registry.yarnpkg.com/unordered-set/-/unordered-set-2.0.1.tgz#4cd0fe27b8814bcf5d6073e5f0966ec7a50841e6"
  integrity sha512-eUmNTPzdx+q/WvOHW0bgGYLWvWHNT3PTKEQLg0MAQhc0AHASHVHoP/9YytYd4RBVariqno/mEUhVZN98CmD7bg==

varint@5.0.0:
  version "5.0.0"
  resolved "https://registry.yarnpkg.com/varint/-/varint-5.0.0.tgz#d826b89f7490732fabc0c0ed693ed475dcb29ebf"
  integrity sha512-gC13b/bWrqQoKY2EmROCZ+AR0jitc6DnDGaQ6Ls9QpKmuSgJB1eQ7H3KETtQm7qSdMWMKCmsshyCmUwMLh3OAA==

varint@~5.0.0:
  version "5.0.2"
  resolved "https://registry.yarnpkg.com/varint/-/varint-5.0.2.tgz#5b47f8a947eb668b848e034dcfa87d0ff8a7f7a4"
  integrity sha512-lKxKYG6H03yCZUpAGOPOsMcGxd1RHCu1iKvEHYDPmTyq2HueGhD73ssNBqqQWfvYs04G9iUFRvmAVLW20Jw6ow==

xache@^1.1.0:
  version "1.2.0"
  resolved "https://registry.yarnpkg.com/xache/-/xache-1.2.0.tgz#c7239cbec9d8445c9d691feec804298d5ae5eae9"
  integrity sha512-AiWCGTrnsh//rrbJt8DLbDkDW8eLp1Ktkq0nTWzpE+FKCY35oeqLjtz+LNb4abMnjfTgL0ZBaSwzhgzan1ocEw==

xsalsa20@^1.0.0:
  version "1.2.0"
  resolved "https://registry.yarnpkg.com/xsalsa20/-/xsalsa20-1.2.0.tgz#e5a05cb26f8cef723f94a559102ed50c1b44c25c"
  integrity sha512-FIr/DEeoHfj7ftfylnoFt3rAIRoWXpx2AoDfrT2qD2wtp7Dp+COajvs/Icb7uHqRW9m60f5iXZwdsJJO3kvb7w==

z32@^1.0.0:
  version "1.0.1"
  resolved "https://registry.yarnpkg.com/z32/-/z32-1.0.1.tgz#074b37ddd61d58b746bfb50b31cf0895700d3685"
  integrity sha512-Uytfqf6VEVchHKZDw0NRdCViOARHP84uzvOw0CXCMLOwhgHZUL9XibpEPLLQN10mCVLxOlGCQWbkV7km7yNYcw==
  dependencies:
    b4a "^1.5.3"
